
Microsoft Visual Studio Solution File, Format Version 12.00
# Visual Studio Version 17
VisualStudioVersion = 17.9.34607.119
MinimumVisualStudioVersion = 10.0.40219.1
Project("{FAE04EC0-301F-11D3-BF4B-00C04F79EFBC}") = "SimpleInjectorExample", "SimpleInjectorExample\SimpleInjectorExample.csproj", "{509E5711-29CC-4DE5-88F7-7A0E28C5C71A}"
EndProject
Global
	GlobalSection(SolutionConfigurationPlatforms) = preSolution
		Debug|Any CPU = Debug|Any CPU
		Release|Any CPU = Release|Any CPU
	EndGlobalSection
	GlobalSection(ProjectConfigurationPlatforms) = postSolution
		{509E5711-29CC-4DE5-88F7-7A0E28C5C71A}.Debug|Any CPU.ActiveCfg = Debug|Any CPU
		{509E5711-29CC-4DE5-88F7-7A0E28C5C71A}.Debug|Any CPU.Build.0 = Debug|Any CPU
		{509E5711-29CC-4DE5-88F7-7A0E28C5C71A}.Release|Any CPU.ActiveCfg = Release|Any CPU
		{509E5711-29CC-4DE5-88F7-7A0E28C5C71A}.Release|Any CPU.Build.0 = Release|Any CPU
	EndGlobalSection
	GlobalSection(SolutionProperties) = preSolution
		HideSolutionNode = FALSE
	EndGlobalSection
	GlobalSection(ExtensibilityGlobals) = postSolution
		SolutionGuid = {E8BBCFD1-6B72-42CC-8B88-8FB823790019}
	EndGlobalSection
EndGlobal
